// !$*UTF8*$!
{
	archiveVersion = 1;
	classes = {
	};
	objectVersion = 51;
	objects = {

/* Begin PBXBuildFile section */
		A43179A72DB89C4F47AF22C3 /* Pods_PlastovaProba.framework in Frameworks */ = {isa = PBXBuildFile; fileRef = 744652B8314B2965B09753F3 /* Pods_PlastovaProba.framework */; };
		B169367424B4AA6500D0CE46 /* StartViewController.swift in Sources */ = {isa = PBXBuildFile; fileRef = B169367324B4AA6500D0CE46 /* StartViewController.swift */; };
		B17A763024ABBEA3004FD21E /* AppDelegate.swift in Sources */ = {isa = PBXBuildFile; fileRef = B17A762F24ABBEA3004FD21E /* AppDelegate.swift */; };
		B17A763424ABBEA3004FD21E /* OnboardingViewController.swift in Sources */ = {isa = PBXBuildFile; fileRef = B17A763324ABBEA3004FD21E /* OnboardingViewController.swift */; };
		B17A763724ABBEA3004FD21E /* Main.storyboard in Resources */ = {isa = PBXBuildFile; fileRef = B17A763524ABBEA3004FD21E /* Main.storyboard */; };
		B17A763C24ABBEA5004FD21E /* LaunchScreen.storyboard in Resources */ = {isa = PBXBuildFile; fileRef = B17A763A24ABBEA5004FD21E /* LaunchScreen.storyboard */; };
		B17A766224ABD287004FD21E /* Localizable.strings in Resources */ = {isa = PBXBuildFile; fileRef = B17A766024ABD287004FD21E /* Localizable.strings */; };
		B17A766924ABD387004FD21E /* AppColors.swift in Sources */ = {isa = PBXBuildFile; fileRef = B17A766824ABD387004FD21E /* AppColors.swift */; };
		B17A766B24ABD3B5004FD21E /* String+Helpers.swift in Sources */ = {isa = PBXBuildFile; fileRef = B17A766A24ABD3B5004FD21E /* String+Helpers.swift */; };
		B17A768224ABD949004FD21E /* Montserrat-Italic.ttf in Resources */ = {isa = PBXBuildFile; fileRef = B17A766F24ABD948004FD21E /* Montserrat-Italic.ttf */; };
		B17A768324ABD949004FD21E /* Montserrat-ExtraLightItalic.ttf in Resources */ = {isa = PBXBuildFile; fileRef = B17A767024ABD948004FD21E /* Montserrat-ExtraLightItalic.ttf */; };
		B17A768424ABD949004FD21E /* Montserrat-SemiBold.ttf in Resources */ = {isa = PBXBuildFile; fileRef = B17A767124ABD948004FD21E /* Montserrat-SemiBold.ttf */; };
		B17A768524ABD949004FD21E /* Montserrat-Regular.ttf in Resources */ = {isa = PBXBuildFile; fileRef = B17A767224ABD948004FD21E /* Montserrat-Regular.ttf */; };
		B17A768624ABD949004FD21E /* Montserrat-Black.ttf in Resources */ = {isa = PBXBuildFile; fileRef = B17A767324ABD948004FD21E /* Montserrat-Black.ttf */; };
		B17A768724ABD949004FD21E /* Montserrat-Medium.ttf in Resources */ = {isa = PBXBuildFile; fileRef = B17A767424ABD948004FD21E /* Montserrat-Medium.ttf */; };
		B17A768824ABD949004FD21E /* Montserrat-LightItalic.ttf in Resources */ = {isa = PBXBuildFile; fileRef = B17A767524ABD948004FD21E /* Montserrat-LightItalic.ttf */; };
		B17A768924ABD949004FD21E /* Montserrat-MediumItalic.ttf in Resources */ = {isa = PBXBuildFile; fileRef = B17A767624ABD948004FD21E /* Montserrat-MediumItalic.ttf */; };
		B17A768A24ABD949004FD21E /* Montserrat-ThinItalic.ttf in Resources */ = {isa = PBXBuildFile; fileRef = B17A767724ABD948004FD21E /* Montserrat-ThinItalic.ttf */; };
		B17A768B24ABD949004FD21E /* Montserrat-Light.ttf in Resources */ = {isa = PBXBuildFile; fileRef = B17A767824ABD948004FD21E /* Montserrat-Light.ttf */; };
		B17A768C24ABD949004FD21E /* Montserrat-Bold.ttf in Resources */ = {isa = PBXBuildFile; fileRef = B17A767924ABD948004FD21E /* Montserrat-Bold.ttf */; };
		B17A768D24ABD949004FD21E /* Montserrat-BoldItalic.ttf in Resources */ = {isa = PBXBuildFile; fileRef = B17A767A24ABD948004FD21E /* Montserrat-BoldItalic.ttf */; };
		B17A768E24ABD949004FD21E /* Montserrat-SemiBoldItalic.ttf in Resources */ = {isa = PBXBuildFile; fileRef = B17A767B24ABD948004FD21E /* Montserrat-SemiBoldItalic.ttf */; };
		B17A768F24ABD949004FD21E /* Montserrat-Thin.ttf in Resources */ = {isa = PBXBuildFile; fileRef = B17A767C24ABD948004FD21E /* Montserrat-Thin.ttf */; };
		B17A769024ABD949004FD21E /* OFL.txt in Resources */ = {isa = PBXBuildFile; fileRef = B17A767D24ABD948004FD21E /* OFL.txt */; };
		B17A769124ABD949004FD21E /* Montserrat-BlackItalic.ttf in Resources */ = {isa = PBXBuildFile; fileRef = B17A767E24ABD949004FD21E /* Montserrat-BlackItalic.ttf */; };
		B17A769224ABD949004FD21E /* Montserrat-ExtraLight.ttf in Resources */ = {isa = PBXBuildFile; fileRef = B17A767F24ABD949004FD21E /* Montserrat-ExtraLight.ttf */; };
		B17A769324ABD949004FD21E /* Montserrat-ExtraBold.ttf in Resources */ = {isa = PBXBuildFile; fileRef = B17A768024ABD949004FD21E /* Montserrat-ExtraBold.ttf */; };
		B17A769424ABD949004FD21E /* Montserrat-ExtraBoldItalic.ttf in Resources */ = {isa = PBXBuildFile; fileRef = B17A768124ABD949004FD21E /* Montserrat-ExtraBoldItalic.ttf */; };
		B17A769924ABDA73004FD21E /* ContainerPageVC.swift in Sources */ = {isa = PBXBuildFile; fileRef = B17A769824ABDA73004FD21E /* ContainerPageVC.swift */; };
		B17A769B24ABDB5F004FD21E /* OnboardingSlideViewController.swift in Sources */ = {isa = PBXBuildFile; fileRef = B17A769A24ABDB5F004FD21E /* OnboardingSlideViewController.swift */; };
		B17A769E24ABDCAD004FD21E /* Storyboard+Common.swift in Sources */ = {isa = PBXBuildFile; fileRef = B17A769D24ABDCAD004FD21E /* Storyboard+Common.swift */; };
		B17A76AB24B49EDA004FD21E /* LoginViewController.swift in Sources */ = {isa = PBXBuildFile; fileRef = B17A76AA24B49EDA004FD21E /* LoginViewController.swift */; };
		B17A76B224B49F54004FD21E /* FloatingTextFieldPlaceholder.swift in Sources */ = {isa = PBXBuildFile; fileRef = B17A76AE24B49F54004FD21E /* FloatingTextFieldPlaceholder.swift */; };
		B17A76B324B49F54004FD21E /* FloatingTextFieldPlaceholder.xib in Resources */ = {isa = PBXBuildFile; fileRef = B17A76AF24B49F54004FD21E /* FloatingTextFieldPlaceholder.xib */; };
		B17A76B424B49F54004FD21E /* FloatingTextField.xib in Resources */ = {isa = PBXBuildFile; fileRef = B17A76B024B49F54004FD21E /* FloatingTextField.xib */; };
		B17A76B524B49F54004FD21E /* FloatingTextField.swift in Sources */ = {isa = PBXBuildFile; fileRef = B17A76B124B49F54004FD21E /* FloatingTextField.swift */; };
		B17A76B724B4A02E004FD21E /* AppFonts.swift in Sources */ = {isa = PBXBuildFile; fileRef = B17A76B624B4A02E004FD21E /* AppFonts.swift */; };
		B1800EA52542F23600B9C6C4 /* Assets.xcassets in Resources */ = {isa = PBXBuildFile; fileRef = B17A763824ABBEA5004FD21E /* Assets.xcassets */; };
		B18B06F72553025C0008745C /* UserDescriptionController.swift in Sources */ = {isa = PBXBuildFile; fileRef = B18B06F62553025C0008745C /* UserDescriptionController.swift */; };
		B18B06FA255302EC0008745C /* UserDescription.storyboard in Resources */ = {isa = PBXBuildFile; fileRef = B18B06F9255302EC0008745C /* UserDescription.storyboard */; };
		B1BCF64A2522081400C1FBF5 /* GoogleService-Info.plist in Resources */ = {isa = PBXBuildFile; fileRef = B1BCF6492522081400C1FBF5 /* GoogleService-Info.plist */; };
		B1BFC16525212F1E002E80DF /* VerificationViewController.swift in Sources */ = {isa = PBXBuildFile; fileRef = B1BFC16425212F1E002E80DF /* VerificationViewController.swift */; };
		B1C36401252107F000F21352 /* Registration.storyboard in Resources */ = {isa = PBXBuildFile; fileRef = B1C363FF252107F000F21352 /* Registration.storyboard */; };
		B1C36402252107F000F21352 /* RegistrationViewController.swift in Sources */ = {isa = PBXBuildFile; fileRef = B1C36400252107F000F21352 /* RegistrationViewController.swift */; };
		B1CCEB152542CD12003ED327 /* KeyboardHandler.swift in Sources */ = {isa = PBXBuildFile; fileRef = B1CCEB142542CD12003ED327 /* KeyboardHandler.swift */; };
		B1CCEB172542D873003ED327 /* Validator.swift in Sources */ = {isa = PBXBuildFile; fileRef = B1CCEB162542D873003ED327 /* Validator.swift */; };
		B1F1B06F25532E6700F5C2F8 /* MainFlowController.swift in Sources */ = {isa = PBXBuildFile; fileRef = B1F1B06E25532E6700F5C2F8 /* MainFlowController.swift */; };
		B1F1B07525532EC000F5C2F8 /* MainFlow.storyboard in Resources */ = {isa = PBXBuildFile; fileRef = B1F1B07425532EC000F5C2F8 /* MainFlow.storyboard */; };
		B1F1B0782553316400F5C2F8 /* ActionPlaceholderController.swift in Sources */ = {isa = PBXBuildFile; fileRef = B1F1B0772553316400F5C2F8 /* ActionPlaceholderController.swift */; };
/* End PBXBuildFile section */

/* Begin PBXFileReference section */
		744652B8314B2965B09753F3 /* Pods_PlastovaProba.framework */ = {isa = PBXFileReference; explicitFileType = wrapper.framework; includeInIndex = 0; path = Pods_PlastovaProba.framework; sourceTree = BUILT_PRODUCTS_DIR; };
		ACD7DE352DAD1B9AC659D5FA /* Pods-PlastovaProba.release.xcconfig */ = {isa = PBXFileReference; includeInIndex = 1; lastKnownFileType = text.xcconfig; name = "Pods-PlastovaProba.release.xcconfig"; path = "Target Support Files/Pods-PlastovaProba/Pods-PlastovaProba.release.xcconfig"; sourceTree = "<group>"; };
		B169367324B4AA6500D0CE46 /* StartViewController.swift */ = {isa = PBXFileReference; lastKnownFileType = sourcecode.swift; path = StartViewController.swift; sourceTree = "<group>"; };
		B17A762C24ABBEA3004FD21E /* PlastovaProba.app */ = {isa = PBXFileReference; explicitFileType = wrapper.application; includeInIndex = 0; path = PlastovaProba.app; sourceTree = BUILT_PRODUCTS_DIR; };
		B17A762F24ABBEA3004FD21E /* AppDelegate.swift */ = {isa = PBXFileReference; lastKnownFileType = sourcecode.swift; path = AppDelegate.swift; sourceTree = "<group>"; };
		B17A763324ABBEA3004FD21E /* OnboardingViewController.swift */ = {isa = PBXFileReference; lastKnownFileType = sourcecode.swift; path = OnboardingViewController.swift; sourceTree = "<group>"; };
		B17A763624ABBEA3004FD21E /* Base */ = {isa = PBXFileReference; lastKnownFileType = file.storyboard; name = Base; path = Base.lproj/Main.storyboard; sourceTree = "<group>"; };
		B17A763824ABBEA5004FD21E /* Assets.xcassets */ = {isa = PBXFileReference; lastKnownFileType = folder.assetcatalog; path = Assets.xcassets; sourceTree = "<group>"; };
		B17A763B24ABBEA5004FD21E /* Base */ = {isa = PBXFileReference; lastKnownFileType = file.storyboard; name = Base; path = Base.lproj/LaunchScreen.storyboard; sourceTree = "<group>"; };
		B17A763D24ABBEA5004FD21E /* Info.plist */ = {isa = PBXFileReference; lastKnownFileType = text.plist.xml; path = Info.plist; sourceTree = "<group>"; };
		B17A765E24ABD267004FD21E /* uk */ = {isa = PBXFileReference; lastKnownFileType = text.plist.strings; name = uk; path = uk.lproj/Main.strings; sourceTree = "<group>"; };
		B17A765F24ABD267004FD21E /* uk */ = {isa = PBXFileReference; lastKnownFileType = text.plist.strings; name = uk; path = uk.lproj/LaunchScreen.strings; sourceTree = "<group>"; };
		B17A766124ABD287004FD21E /* Base */ = {isa = PBXFileReference; lastKnownFileType = text.plist.strings; name = Base; path = Base.lproj/Localizable.strings; sourceTree = "<group>"; };
		B17A766324ABD292004FD21E /* uk */ = {isa = PBXFileReference; lastKnownFileType = text.plist.strings; name = uk; path = uk.lproj/Localizable.strings; sourceTree = "<group>"; };
		B17A766824ABD387004FD21E /* AppColors.swift */ = {isa = PBXFileReference; lastKnownFileType = sourcecode.swift; path = AppColors.swift; sourceTree = "<group>"; };
		B17A766A24ABD3B5004FD21E /* String+Helpers.swift */ = {isa = PBXFileReference; lastKnownFileType = sourcecode.swift; path = "String+Helpers.swift"; sourceTree = "<group>"; };
		B17A766F24ABD948004FD21E /* Montserrat-Italic.ttf */ = {isa = PBXFileReference; lastKnownFileType = file; name = "Montserrat-Italic.ttf"; path = "Montserrat/Montserrat-Italic.ttf"; sourceTree = "<group>"; };
		B17A767024ABD948004FD21E /* Montserrat-ExtraLightItalic.ttf */ = {isa = PBXFileReference; lastKnownFileType = file; name = "Montserrat-ExtraLightItalic.ttf"; path = "Montserrat/Montserrat-ExtraLightItalic.ttf"; sourceTree = "<group>"; };
		B17A767124ABD948004FD21E /* Montserrat-SemiBold.ttf */ = {isa = PBXFileReference; lastKnownFileType = file; name = "Montserrat-SemiBold.ttf"; path = "Montserrat/Montserrat-SemiBold.ttf"; sourceTree = "<group>"; };
		B17A767224ABD948004FD21E /* Montserrat-Regular.ttf */ = {isa = PBXFileReference; lastKnownFileType = file; name = "Montserrat-Regular.ttf"; path = "Montserrat/Montserrat-Regular.ttf"; sourceTree = "<group>"; };
		B17A767324ABD948004FD21E /* Montserrat-Black.ttf */ = {isa = PBXFileReference; lastKnownFileType = file; name = "Montserrat-Black.ttf"; path = "Montserrat/Montserrat-Black.ttf"; sourceTree = "<group>"; };
		B17A767424ABD948004FD21E /* Montserrat-Medium.ttf */ = {isa = PBXFileReference; lastKnownFileType = file; name = "Montserrat-Medium.ttf"; path = "Montserrat/Montserrat-Medium.ttf"; sourceTree = "<group>"; };
		B17A767524ABD948004FD21E /* Montserrat-LightItalic.ttf */ = {isa = PBXFileReference; lastKnownFileType = file; name = "Montserrat-LightItalic.ttf"; path = "Montserrat/Montserrat-LightItalic.ttf"; sourceTree = "<group>"; };
		B17A767624ABD948004FD21E /* Montserrat-MediumItalic.ttf */ = {isa = PBXFileReference; lastKnownFileType = file; name = "Montserrat-MediumItalic.ttf"; path = "Montserrat/Montserrat-MediumItalic.ttf"; sourceTree = "<group>"; };
		B17A767724ABD948004FD21E /* Montserrat-ThinItalic.ttf */ = {isa = PBXFileReference; lastKnownFileType = file; name = "Montserrat-ThinItalic.ttf"; path = "Montserrat/Montserrat-ThinItalic.ttf"; sourceTree = "<group>"; };
		B17A767824ABD948004FD21E /* Montserrat-Light.ttf */ = {isa = PBXFileReference; lastKnownFileType = file; name = "Montserrat-Light.ttf"; path = "Montserrat/Montserrat-Light.ttf"; sourceTree = "<group>"; };
		B17A767924ABD948004FD21E /* Montserrat-Bold.ttf */ = {isa = PBXFileReference; lastKnownFileType = file; name = "Montserrat-Bold.ttf"; path = "Montserrat/Montserrat-Bold.ttf"; sourceTree = "<group>"; };
		B17A767A24ABD948004FD21E /* Montserrat-BoldItalic.ttf */ = {isa = PBXFileReference; lastKnownFileType = file; name = "Montserrat-BoldItalic.ttf"; path = "Montserrat/Montserrat-BoldItalic.ttf"; sourceTree = "<group>"; };
		B17A767B24ABD948004FD21E /* Montserrat-SemiBoldItalic.ttf */ = {isa = PBXFileReference; lastKnownFileType = file; name = "Montserrat-SemiBoldItalic.ttf"; path = "Montserrat/Montserrat-SemiBoldItalic.ttf"; sourceTree = "<group>"; };
		B17A767C24ABD948004FD21E /* Montserrat-Thin.ttf */ = {isa = PBXFileReference; lastKnownFileType = file; name = "Montserrat-Thin.ttf"; path = "Montserrat/Montserrat-Thin.ttf"; sourceTree = "<group>"; };
		B17A767D24ABD948004FD21E /* OFL.txt */ = {isa = PBXFileReference; fileEncoding = 4; lastKnownFileType = text; name = OFL.txt; path = Montserrat/OFL.txt; sourceTree = "<group>"; };
		B17A767E24ABD949004FD21E /* Montserrat-BlackItalic.ttf */ = {isa = PBXFileReference; lastKnownFileType = file; name = "Montserrat-BlackItalic.ttf"; path = "Montserrat/Montserrat-BlackItalic.ttf"; sourceTree = "<group>"; };
		B17A767F24ABD949004FD21E /* Montserrat-ExtraLight.ttf */ = {isa = PBXFileReference; lastKnownFileType = file; name = "Montserrat-ExtraLight.ttf"; path = "Montserrat/Montserrat-ExtraLight.ttf"; sourceTree = "<group>"; };
		B17A768024ABD949004FD21E /* Montserrat-ExtraBold.ttf */ = {isa = PBXFileReference; lastKnownFileType = file; name = "Montserrat-ExtraBold.ttf"; path = "Montserrat/Montserrat-ExtraBold.ttf"; sourceTree = "<group>"; };
		B17A768124ABD949004FD21E /* Montserrat-ExtraBoldItalic.ttf */ = {isa = PBXFileReference; lastKnownFileType = file; name = "Montserrat-ExtraBoldItalic.ttf"; path = "Montserrat/Montserrat-ExtraBoldItalic.ttf"; sourceTree = "<group>"; };
		B17A769824ABDA73004FD21E /* ContainerPageVC.swift */ = {isa = PBXFileReference; lastKnownFileType = sourcecode.swift; path = ContainerPageVC.swift; sourceTree = "<group>"; };
		B17A769A24ABDB5F004FD21E /* OnboardingSlideViewController.swift */ = {isa = PBXFileReference; lastKnownFileType = sourcecode.swift; path = OnboardingSlideViewController.swift; sourceTree = "<group>"; };
		B17A769D24ABDCAD004FD21E /* Storyboard+Common.swift */ = {isa = PBXFileReference; lastKnownFileType = sourcecode.swift; path = "Storyboard+Common.swift"; sourceTree = "<group>"; };
		B17A76AA24B49EDA004FD21E /* LoginViewController.swift */ = {isa = PBXFileReference; lastKnownFileType = sourcecode.swift; path = LoginViewController.swift; sourceTree = "<group>"; };
		B17A76AE24B49F54004FD21E /* FloatingTextFieldPlaceholder.swift */ = {isa = PBXFileReference; fileEncoding = 4; lastKnownFileType = sourcecode.swift; path = FloatingTextFieldPlaceholder.swift; sourceTree = "<group>"; };
		B17A76AF24B49F54004FD21E /* FloatingTextFieldPlaceholder.xib */ = {isa = PBXFileReference; fileEncoding = 4; lastKnownFileType = file.xib; path = FloatingTextFieldPlaceholder.xib; sourceTree = "<group>"; };
		B17A76B024B49F54004FD21E /* FloatingTextField.xib */ = {isa = PBXFileReference; fileEncoding = 4; lastKnownFileType = file.xib; path = FloatingTextField.xib; sourceTree = "<group>"; };
		B17A76B124B49F54004FD21E /* FloatingTextField.swift */ = {isa = PBXFileReference; fileEncoding = 4; lastKnownFileType = sourcecode.swift; path = FloatingTextField.swift; sourceTree = "<group>"; };
		B17A76B624B4A02E004FD21E /* AppFonts.swift */ = {isa = PBXFileReference; lastKnownFileType = sourcecode.swift; path = AppFonts.swift; sourceTree = "<group>"; };
		B18B06F62553025C0008745C /* UserDescriptionController.swift */ = {isa = PBXFileReference; lastKnownFileType = sourcecode.swift; path = UserDescriptionController.swift; sourceTree = "<group>"; };
		B18B06F9255302EC0008745C /* UserDescription.storyboard */ = {isa = PBXFileReference; lastKnownFileType = file.storyboard; path = UserDescription.storyboard; sourceTree = "<group>"; };
		B1BCF6492522081400C1FBF5 /* GoogleService-Info.plist */ = {isa = PBXFileReference; lastKnownFileType = text.plist; path = "GoogleService-Info.plist"; sourceTree = SOURCE_ROOT; };
		B1BFC16425212F1E002E80DF /* VerificationViewController.swift */ = {isa = PBXFileReference; lastKnownFileType = sourcecode.swift; path = VerificationViewController.swift; sourceTree = "<group>"; };
		B1C363FF252107F000F21352 /* Registration.storyboard */ = {isa = PBXFileReference; fileEncoding = 4; lastKnownFileType = file.storyboard; path = Registration.storyboard; sourceTree = "<group>"; };
		B1C36400252107F000F21352 /* RegistrationViewController.swift */ = {isa = PBXFileReference; fileEncoding = 4; lastKnownFileType = sourcecode.swift; path = RegistrationViewController.swift; sourceTree = "<group>"; };
		B1CCEB142542CD12003ED327 /* KeyboardHandler.swift */ = {isa = PBXFileReference; lastKnownFileType = sourcecode.swift; path = KeyboardHandler.swift; sourceTree = "<group>"; };
		B1CCEB162542D873003ED327 /* Validator.swift */ = {isa = PBXFileReference; lastKnownFileType = sourcecode.swift; path = Validator.swift; sourceTree = "<group>"; };
		B1F1B06E25532E6700F5C2F8 /* MainFlowController.swift */ = {isa = PBXFileReference; lastKnownFileType = sourcecode.swift; path = MainFlowController.swift; sourceTree = "<group>"; };
		B1F1B07425532EC000F5C2F8 /* MainFlow.storyboard */ = {isa = PBXFileReference; lastKnownFileType = file.storyboard; path = MainFlow.storyboard; sourceTree = "<group>"; };
		B1F1B0772553316400F5C2F8 /* ActionPlaceholderController.swift */ = {isa = PBXFileReference; lastKnownFileType = sourcecode.swift; path = ActionPlaceholderController.swift; sourceTree = "<group>"; };
		E6C46C56A69851C45D57D5B1 /* Pods-PlastovaProba.debug.xcconfig */ = {isa = PBXFileReference; includeInIndex = 1; lastKnownFileType = text.xcconfig; name = "Pods-PlastovaProba.debug.xcconfig"; path = "Target Support Files/Pods-PlastovaProba/Pods-PlastovaProba.debug.xcconfig"; sourceTree = "<group>"; };
/* End PBXFileReference section */

/* Begin PBXFrameworksBuildPhase section */
		B17A762924ABBEA3004FD21E /* Frameworks */ = {
			isa = PBXFrameworksBuildPhase;
			buildActionMask = 2147483647;
			files = (
				A43179A72DB89C4F47AF22C3 /* Pods_PlastovaProba.framework in Frameworks */,
			);
			runOnlyForDeploymentPostprocessing = 0;
		};
/* End PBXFrameworksBuildPhase section */

/* Begin PBXGroup section */
		40233B7A1FD2F0B7A5CA59AA /* Frameworks */ = {
			isa = PBXGroup;
			children = (
				744652B8314B2965B09753F3 /* Pods_PlastovaProba.framework */,
			);
			name = Frameworks;
			sourceTree = "<group>";
		};
		A26E52F97BC426F900446E2A /* Pods */ = {
			isa = PBXGroup;
			children = (
				E6C46C56A69851C45D57D5B1 /* Pods-PlastovaProba.debug.xcconfig */,
				ACD7DE352DAD1B9AC659D5FA /* Pods-PlastovaProba.release.xcconfig */,
			);
			path = Pods;
			sourceTree = "<group>";
		};
		B169367224B4AA4C00D0CE46 /* StartScreen */ = {
			isa = PBXGroup;
			children = (
				B169367324B4AA6500D0CE46 /* StartViewController.swift */,
			);
			path = StartScreen;
			sourceTree = "<group>";
		};
		B17A762324ABBEA3004FD21E = {
			isa = PBXGroup;
			children = (
				B17A762E24ABBEA3004FD21E /* PlastovaProba */,
				B17A762D24ABBEA3004FD21E /* Products */,
				A26E52F97BC426F900446E2A /* Pods */,
				40233B7A1FD2F0B7A5CA59AA /* Frameworks */,
			);
			sourceTree = "<group>";
		};
		B17A762D24ABBEA3004FD21E /* Products */ = {
			isa = PBXGroup;
			children = (
				B17A762C24ABBEA3004FD21E /* PlastovaProba.app */,
			);
			name = Products;
			sourceTree = "<group>";
		};
		B17A762E24ABBEA3004FD21E /* PlastovaProba */ = {
			isa = PBXGroup;
			children = (
				B1BCF6492522081400C1FBF5 /* GoogleService-Info.plist */,
				B17A76AC24B49F2D004FD21E /* Views */,
				B17A766524ABD2D0004FD21E /* Common */,
				B1CCEB132542CCE9003ED327 /* Helpers */,
				B17A766424ABD2AE004FD21E /* UserFlows */,
				B17A766C24ABD666004FD21E /* Fonts */,
				B17A762F24ABBEA3004FD21E /* AppDelegate.swift */,
				B17A763524ABBEA3004FD21E /* Main.storyboard */,
				B17A763824ABBEA5004FD21E /* Assets.xcassets */,
				B17A763A24ABBEA5004FD21E /* LaunchScreen.storyboard */,
				B17A763D24ABBEA5004FD21E /* Info.plist */,
				B17A766024ABD287004FD21E /* Localizable.strings */,
			);
			path = PlastovaProba;
			sourceTree = "<group>";
		};
		B17A766424ABD2AE004FD21E /* UserFlows */ = {
			isa = PBXGroup;
			children = (
				B1F1B06D25532E4000F5C2F8 /* MainFlow */,
				B18B06F5255302330008745C /* UserDescription */,
				B1C363FE252107BC00F21352 /* Registration */,
				B169367224B4AA4C00D0CE46 /* StartScreen */,
				B17A76A924B49EC3004FD21E /* Login */,
				B17A769524ABD9D0004FD21E /* PageViewController */,
				B17A763324ABBEA3004FD21E /* OnboardingViewController.swift */,
			);
			path = UserFlows;
			sourceTree = "<group>";
		};
		B17A766524ABD2D0004FD21E /* Common */ = {
			isa = PBXGroup;
			children = (
				B17A766824ABD387004FD21E /* AppColors.swift */,
				B17A76B624B4A02E004FD21E /* AppFonts.swift */,
				B17A766A24ABD3B5004FD21E /* String+Helpers.swift */,
				B17A769D24ABDCAD004FD21E /* Storyboard+Common.swift */,
			);
			path = Common;
			sourceTree = "<group>";
		};
		B17A766C24ABD666004FD21E /* Fonts */ = {
			isa = PBXGroup;
			children = (
				B17A767324ABD948004FD21E /* Montserrat-Black.ttf */,
				B17A767E24ABD949004FD21E /* Montserrat-BlackItalic.ttf */,
				B17A767924ABD948004FD21E /* Montserrat-Bold.ttf */,
				B17A767A24ABD948004FD21E /* Montserrat-BoldItalic.ttf */,
				B17A768024ABD949004FD21E /* Montserrat-ExtraBold.ttf */,
				B17A768124ABD949004FD21E /* Montserrat-ExtraBoldItalic.ttf */,
				B17A767F24ABD949004FD21E /* Montserrat-ExtraLight.ttf */,
				B17A767024ABD948004FD21E /* Montserrat-ExtraLightItalic.ttf */,
				B17A766F24ABD948004FD21E /* Montserrat-Italic.ttf */,
				B17A767824ABD948004FD21E /* Montserrat-Light.ttf */,
				B17A767524ABD948004FD21E /* Montserrat-LightItalic.ttf */,
				B17A767424ABD948004FD21E /* Montserrat-Medium.ttf */,
				B17A767624ABD948004FD21E /* Montserrat-MediumItalic.ttf */,
				B17A767224ABD948004FD21E /* Montserrat-Regular.ttf */,
				B17A767124ABD948004FD21E /* Montserrat-SemiBold.ttf */,
				B17A767B24ABD948004FD21E /* Montserrat-SemiBoldItalic.ttf */,
				B17A767C24ABD948004FD21E /* Montserrat-Thin.ttf */,
				B17A767724ABD948004FD21E /* Montserrat-ThinItalic.ttf */,
				B17A767D24ABD948004FD21E /* OFL.txt */,
			);
			path = Fonts;
			sourceTree = "<group>";
		};
		B17A769524ABD9D0004FD21E /* PageViewController */ = {
			isa = PBXGroup;
			children = (
				B17A769824ABDA73004FD21E /* ContainerPageVC.swift */,
				B17A769A24ABDB5F004FD21E /* OnboardingSlideViewController.swift */,
			);
			path = PageViewController;
			sourceTree = "<group>";
		};
		B17A76A924B49EC3004FD21E /* Login */ = {
			isa = PBXGroup;
			children = (
				B17A76AA24B49EDA004FD21E /* LoginViewController.swift */,
			);
			path = Login;
			sourceTree = "<group>";
		};
		B17A76AC24B49F2D004FD21E /* Views */ = {
			isa = PBXGroup;
			children = (
				B17A76AD24B49F36004FD21E /* FloatingTextField */,
			);
			path = Views;
			sourceTree = "<group>";
		};
		B17A76AD24B49F36004FD21E /* FloatingTextField */ = {
			isa = PBXGroup;
			children = (
				B17A76B124B49F54004FD21E /* FloatingTextField.swift */,
				B17A76B024B49F54004FD21E /* FloatingTextField.xib */,
				B17A76AE24B49F54004FD21E /* FloatingTextFieldPlaceholder.swift */,
				B17A76AF24B49F54004FD21E /* FloatingTextFieldPlaceholder.xib */,
			);
			path = FloatingTextField;
			sourceTree = "<group>";
		};
		B18B06F5255302330008745C /* UserDescription */ = {
			isa = PBXGroup;
			children = (
				B18B06F62553025C0008745C /* UserDescriptionController.swift */,
				B18B06F9255302EC0008745C /* UserDescription.storyboard */,
			);
			path = UserDescription;
			sourceTree = "<group>";
		};
		B1C363FE252107BC00F21352 /* Registration */ = {
			isa = PBXGroup;
			children = (
				B1C363FF252107F000F21352 /* Registration.storyboard */,
				B1C36400252107F000F21352 /* RegistrationViewController.swift */,
				B1BFC16425212F1E002E80DF /* VerificationViewController.swift */,
			);
			path = Registration;
			sourceTree = "<group>";
		};
		B1CCEB132542CCE9003ED327 /* Helpers */ = {
			isa = PBXGroup;
			children = (
				B1CCEB142542CD12003ED327 /* KeyboardHandler.swift */,
				B1CCEB162542D873003ED327 /* Validator.swift */,
			);
			path = Helpers;
			sourceTree = "<group>";
		};
		B1F1B06D25532E4000F5C2F8 /* MainFlow */ = {
			isa = PBXGroup;
			children = (
				B1F1B06E25532E6700F5C2F8 /* MainFlowController.swift */,
				B1F1B07425532EC000F5C2F8 /* MainFlow.storyboard */,
				B1F1B0772553316400F5C2F8 /* ActionPlaceholderController.swift */,
			);
			path = MainFlow;
			sourceTree = "<group>";
		};
/* End PBXGroup section */

/* Begin PBXNativeTarget section */
		B17A762B24ABBEA3004FD21E /* PlastovaProba */ = {
			isa = PBXNativeTarget;
			buildConfigurationList = B17A764024ABBEA5004FD21E /* Build configuration list for PBXNativeTarget "PlastovaProba" */;
			buildPhases = (
				21D5249E29D77B07E3701FF5 /* [CP] Check Pods Manifest.lock */,
				B17A762824ABBEA3004FD21E /* Sources */,
				B17A762924ABBEA3004FD21E /* Frameworks */,
				B17A762A24ABBEA3004FD21E /* Resources */,
				BFE376CB6BA616A08428D6CC /* [CP] Embed Pods Frameworks */,
			);
			buildRules = (
			);
			dependencies = (
			);
			name = PlastovaProba;
			productName = PlastovaProba;
			productReference = B17A762C24ABBEA3004FD21E /* PlastovaProba.app */;
			productType = "com.apple.product-type.application";
		};
/* End PBXNativeTarget section */

/* Begin PBXProject section */
		B17A762424ABBEA3004FD21E /* Project object */ = {
			isa = PBXProject;
			attributes = {
				LastSwiftUpdateCheck = 1150;
				LastUpgradeCheck = 1150;
				ORGANIZATIONNAME = "Pavlo Dumyak";
				TargetAttributes = {
					B17A762B24ABBEA3004FD21E = {
						CreatedOnToolsVersion = 11.5;
					};
				};
			};
			buildConfigurationList = B17A762724ABBEA3004FD21E /* Build configuration list for PBXProject "PlastovaProba" */;
			compatibilityVersion = "Xcode 9.3";
			developmentRegion = en;
			hasScannedForEncodings = 0;
			knownRegions = (
				en,
				Base,
				uk,
			);
			mainGroup = B17A762324ABBEA3004FD21E;
			productRefGroup = B17A762D24ABBEA3004FD21E /* Products */;
			projectDirPath = "";
			projectRoot = "";
			targets = (
				B17A762B24ABBEA3004FD21E /* PlastovaProba */,
			);
		};
/* End PBXProject section */

/* Begin PBXResourcesBuildPhase section */
		B17A762A24ABBEA3004FD21E /* Resources */ = {
			isa = PBXResourcesBuildPhase;
			buildActionMask = 2147483647;
			files = (
				B1800EA52542F23600B9C6C4 /* Assets.xcassets in Resources */,
				B17A768B24ABD949004FD21E /* Montserrat-Light.ttf in Resources */,
				B17A76B424B49F54004FD21E /* FloatingTextField.xib in Resources */,
				B17A768824ABD949004FD21E /* Montserrat-LightItalic.ttf in Resources */,
				B18B06FA255302EC0008745C /* UserDescription.storyboard in Resources */,
				B17A76B324B49F54004FD21E /* FloatingTextFieldPlaceholder.xib in Resources */,
				B17A768524ABD949004FD21E /* Montserrat-Regular.ttf in Resources */,
				B17A768224ABD949004FD21E /* Montserrat-Italic.ttf in Resources */,
				B17A763C24ABBEA5004FD21E /* LaunchScreen.storyboard in Resources */,
				B17A768C24ABD949004FD21E /* Montserrat-Bold.ttf in Resources */,
				B17A766224ABD287004FD21E /* Localizable.strings in Resources */,
				B17A769424ABD949004FD21E /* Montserrat-ExtraBoldItalic.ttf in Resources */,
				B17A768424ABD949004FD21E /* Montserrat-SemiBold.ttf in Resources */,
				B1BCF64A2522081400C1FBF5 /* GoogleService-Info.plist in Resources */,
				B17A768D24ABD949004FD21E /* Montserrat-BoldItalic.ttf in Resources */,
				B17A769024ABD949004FD21E /* OFL.txt in Resources */,
				B17A769224ABD949004FD21E /* Montserrat-ExtraLight.ttf in Resources */,
				B17A768F24ABD949004FD21E /* Montserrat-Thin.ttf in Resources */,
				B17A768724ABD949004FD21E /* Montserrat-Medium.ttf in Resources */,
				B17A769124ABD949004FD21E /* Montserrat-BlackItalic.ttf in Resources */,
				B17A763724ABBEA3004FD21E /* Main.storyboard in Resources */,
				B17A768324ABD949004FD21E /* Montserrat-ExtraLightItalic.ttf in Resources */,
				B17A768A24ABD949004FD21E /* Montserrat-ThinItalic.ttf in Resources */,
				B17A768924ABD949004FD21E /* Montserrat-MediumItalic.ttf in Resources */,
				B1F1B07525532EC000F5C2F8 /* MainFlow.storyboard in Resources */,
				B17A769324ABD949004FD21E /* Montserrat-ExtraBold.ttf in Resources */,
				B1C36401252107F000F21352 /* Registration.storyboard in Resources */,
				B17A768624ABD949004FD21E /* Montserrat-Black.ttf in Resources */,
				B17A768E24ABD949004FD21E /* Montserrat-SemiBoldItalic.ttf in Resources */,
			);
			runOnlyForDeploymentPostprocessing = 0;
		};
/* End PBXResourcesBuildPhase section */

/* Begin PBXShellScriptBuildPhase section */
		21D5249E29D77B07E3701FF5 /* [CP] Check Pods Manifest.lock */ = {
			isa = PBXShellScriptBuildPhase;
			buildActionMask = 2147483647;
			files = (
			);
			inputFileListPaths = (
			);
			inputPaths = (
				"${PODS_PODFILE_DIR_PATH}/Podfile.lock",
				"${PODS_ROOT}/Manifest.lock",
			);
			name = "[CP] Check Pods Manifest.lock";
			outputFileListPaths = (
			);
			outputPaths = (
				"$(DERIVED_FILE_DIR)/Pods-PlastovaProba-checkManifestLockResult.txt",
			);
			runOnlyForDeploymentPostprocessing = 0;
			shellPath = /bin/sh;
			shellScript = "diff \"${PODS_PODFILE_DIR_PATH}/Podfile.lock\" \"${PODS_ROOT}/Manifest.lock\" > /dev/null\nif [ $? != 0 ] ; then\n    # print error to STDERR\n    echo \"error: The sandbox is not in sync with the Podfile.lock. Run 'pod install' or update your CocoaPods installation.\" >&2\n    exit 1\nfi\n# This output is used by Xcode 'outputs' to avoid re-running this script phase.\necho \"SUCCESS\" > \"${SCRIPT_OUTPUT_FILE_0}\"\n";
			showEnvVarsInLog = 0;
		};
		BFE376CB6BA616A08428D6CC /* [CP] Embed Pods Frameworks */ = {
			isa = PBXShellScriptBuildPhase;
			buildActionMask = 2147483647;
			files = (
			);
			inputFileListPaths = (
				"${PODS_ROOT}/Target Support Files/Pods-PlastovaProba/Pods-PlastovaProba-frameworks-${CONFIGURATION}-input-files.xcfilelist",
			);
			name = "[CP] Embed Pods Frameworks";
			outputFileListPaths = (
				"${PODS_ROOT}/Target Support Files/Pods-PlastovaProba/Pods-PlastovaProba-frameworks-${CONFIGURATION}-output-files.xcfilelist",
			);
			runOnlyForDeploymentPostprocessing = 0;
			shellPath = /bin/sh;
			shellScript = "\"${PODS_ROOT}/Target Support Files/Pods-PlastovaProba/Pods-PlastovaProba-frameworks.sh\"\n";
			showEnvVarsInLog = 0;
		};
/* End PBXShellScriptBuildPhase section */

/* Begin PBXSourcesBuildPhase section */
		B17A762824ABBEA3004FD21E /* Sources */ = {
			isa = PBXSourcesBuildPhase;
			buildActionMask = 2147483647;
			files = (
				B1CCEB172542D873003ED327 /* Validator.swift in Sources */,
				B1CCEB152542CD12003ED327 /* KeyboardHandler.swift in Sources */,
				B17A769B24ABDB5F004FD21E /* OnboardingSlideViewController.swift in Sources */,
				B1BFC16525212F1E002E80DF /* VerificationViewController.swift in Sources */,
				B1F1B06F25532E6700F5C2F8 /* MainFlowController.swift in Sources */,
				B17A769924ABDA73004FD21E /* ContainerPageVC.swift in Sources */,
				B17A766B24ABD3B5004FD21E /* String+Helpers.swift in Sources */,
				B17A76B524B49F54004FD21E /* FloatingTextField.swift in Sources */,
				B1C36402252107F000F21352 /* RegistrationViewController.swift in Sources */,
				B17A763424ABBEA3004FD21E /* OnboardingViewController.swift in Sources */,
				B169367424B4AA6500D0CE46 /* StartViewController.swift in Sources */,
				B17A76B724B4A02E004FD21E /* AppFonts.swift in Sources */,
				B17A76AB24B49EDA004FD21E /* LoginViewController.swift in Sources */,
				B17A766924ABD387004FD21E /* AppColors.swift in Sources */,
				B18B06F72553025C0008745C /* UserDescriptionController.swift in Sources */,
				B1F1B0782553316400F5C2F8 /* ActionPlaceholderController.swift in Sources */,
				B17A76B224B49F54004FD21E /* FloatingTextFieldPlaceholder.swift in Sources */,
				B17A763024ABBEA3004FD21E /* AppDelegate.swift in Sources */,
				B17A769E24ABDCAD004FD21E /* Storyboard+Common.swift in Sources */,
			);
			runOnlyForDeploymentPostprocessing = 0;
		};
/* End PBXSourcesBuildPhase section */

/* Begin PBXVariantGroup section */
		B17A763524ABBEA3004FD21E /* Main.storyboard */ = {
			isa = PBXVariantGroup;
			children = (
				B17A763624ABBEA3004FD21E /* Base */,
				B17A765E24ABD267004FD21E /* uk */,
			);
			name = Main.storyboard;
			sourceTree = "<group>";
		};
		B17A763A24ABBEA5004FD21E /* LaunchScreen.storyboard */ = {
			isa = PBXVariantGroup;
			children = (
				B17A763B24ABBEA5004FD21E /* Base */,
				B17A765F24ABD267004FD21E /* uk */,
			);
			name = LaunchScreen.storyboard;
			sourceTree = "<group>";
		};
		B17A766024ABD287004FD21E /* Localizable.strings */ = {
			isa = PBXVariantGroup;
			children = (
				B17A766124ABD287004FD21E /* Base */,
				B17A766324ABD292004FD21E /* uk */,
			);
			name = Localizable.strings;
			sourceTree = "<group>";
		};
/* End PBXVariantGroup section */

/* Begin XCBuildConfiguration section */
		B17A763E24ABBEA5004FD21E /* Debug */ = {
			isa = XCBuildConfiguration;
			buildSettings = {
				ALWAYS_SEARCH_USER_PATHS = NO;
				CLANG_ANALYZER_LOCALIZABILITY_NONLOCALIZED = YES;
				CLANG_ANALYZER_NONNULL = YES;
				CLANG_ANALYZER_NUMBER_OBJECT_CONVERSION = YES_AGGRESSIVE;
				CLANG_CXX_LANGUAGE_STANDARD = "gnu++14";
				CLANG_CXX_LIBRARY = "libc++";
				CLANG_ENABLE_MODULES = YES;
				CLANG_ENABLE_OBJC_ARC = YES;
				CLANG_ENABLE_OBJC_WEAK = YES;
				CLANG_WARN_BLOCK_CAPTURE_AUTORELEASING = YES;
				CLANG_WARN_BOOL_CONVERSION = YES;
				CLANG_WARN_COMMA = YES;
				CLANG_WARN_CONSTANT_CONVERSION = YES;
				CLANG_WARN_DEPRECATED_OBJC_IMPLEMENTATIONS = YES;
				CLANG_WARN_DIRECT_OBJC_ISA_USAGE = YES_ERROR;
				CLANG_WARN_DOCUMENTATION_COMMENTS = YES;
				CLANG_WARN_EMPTY_BODY = YES;
				CLANG_WARN_ENUM_CONVERSION = YES;
				CLANG_WARN_INFINITE_RECURSION = YES;
				CLANG_WARN_INT_CONVERSION = YES;
				CLANG_WARN_NON_LITERAL_NULL_CONVERSION = YES;
				CLANG_WARN_OBJC_IMPLICIT_RETAIN_SELF = YES;
				CLANG_WARN_OBJC_LITERAL_CONVERSION = YES;
				CLANG_WARN_OBJC_ROOT_CLASS = YES_ERROR;
				CLANG_WARN_RANGE_LOOP_ANALYSIS = YES;
				CLANG_WARN_STRICT_PROTOTYPES = YES;
				CLANG_WARN_SUSPICIOUS_MOVE = YES;
				CLANG_WARN_UNGUARDED_AVAILABILITY = YES_AGGRESSIVE;
				CLANG_WARN_UNREACHABLE_CODE = YES;
				CLANG_WARN__DUPLICATE_METHOD_MATCH = YES;
				COPY_PHASE_STRIP = NO;
				DEBUG_INFORMATION_FORMAT = dwarf;
				ENABLE_STRICT_OBJC_MSGSEND = YES;
				ENABLE_TESTABILITY = YES;
				GCC_C_LANGUAGE_STANDARD = gnu11;
				GCC_DYNAMIC_NO_PIC = NO;
				GCC_NO_COMMON_BLOCKS = YES;
				GCC_OPTIMIZATION_LEVEL = 0;
				GCC_PREPROCESSOR_DEFINITIONS = (
					"DEBUG=1",
					"$(inherited)",
				);
				GCC_WARN_64_TO_32_BIT_CONVERSION = YES;
				GCC_WARN_ABOUT_RETURN_TYPE = YES_ERROR;
				GCC_WARN_UNDECLARED_SELECTOR = YES;
				GCC_WARN_UNINITIALIZED_AUTOS = YES_AGGRESSIVE;
				GCC_WARN_UNUSED_FUNCTION = YES;
				GCC_WARN_UNUSED_VARIABLE = YES;
				IPHONEOS_DEPLOYMENT_TARGET = 11.0;
				MTL_ENABLE_DEBUG_INFO = INCLUDE_SOURCE;
				MTL_FAST_MATH = YES;
				ONLY_ACTIVE_ARCH = YES;
				SDKROOT = iphoneos;
				SWIFT_ACTIVE_COMPILATION_CONDITIONS = DEBUG;
				SWIFT_OPTIMIZATION_LEVEL = "-Onone";
			};
			name = Debug;
		};
		B17A763F24ABBEA5004FD21E /* Release */ = {
			isa = XCBuildConfiguration;
			buildSettings = {
				ALWAYS_SEARCH_USER_PATHS = NO;
				CLANG_ANALYZER_LOCALIZABILITY_NONLOCALIZED = YES;
				CLANG_ANALYZER_NONNULL = YES;
				CLANG_ANALYZER_NUMBER_OBJECT_CONVERSION = YES_AGGRESSIVE;
				CLANG_CXX_LANGUAGE_STANDARD = "gnu++14";
				CLANG_CXX_LIBRARY = "libc++";
				CLANG_ENABLE_MODULES = YES;
				CLANG_ENABLE_OBJC_ARC = YES;
				CLANG_ENABLE_OBJC_WEAK = YES;
				CLANG_WARN_BLOCK_CAPTURE_AUTORELEASING = YES;
				CLANG_WARN_BOOL_CONVERSION = YES;
				CLANG_WARN_COMMA = YES;
				CLANG_WARN_CONSTANT_CONVERSION = YES;
				CLANG_WARN_DEPRECATED_OBJC_IMPLEMENTATIONS = YES;
				CLANG_WARN_DIRECT_OBJC_ISA_USAGE = YES_ERROR;
				CLANG_WARN_DOCUMENTATION_COMMENTS = YES;
				CLANG_WARN_EMPTY_BODY = YES;
				CLANG_WARN_ENUM_CONVERSION = YES;
				CLANG_WARN_INFINITE_RECURSION = YES;
				CLANG_WARN_INT_CONVERSION = YES;
				CLANG_WARN_NON_LITERAL_NULL_CONVERSION = YES;
				CLANG_WARN_OBJC_IMPLICIT_RETAIN_SELF = YES;
				CLANG_WARN_OBJC_LITERAL_CONVERSION = YES;
				CLANG_WARN_OBJC_ROOT_CLASS = YES_ERROR;
				CLANG_WARN_RANGE_LOOP_ANALYSIS = YES;
				CLANG_WARN_STRICT_PROTOTYPES = YES;
				CLANG_WARN_SUSPICIOUS_MOVE = YES;
				CLANG_WARN_UNGUARDED_AVAILABILITY = YES_AGGRESSIVE;
				CLANG_WARN_UNREACHABLE_CODE = YES;
				CLANG_WARN__DUPLICATE_METHOD_MATCH = YES;
				COPY_PHASE_STRIP = NO;
				DEBUG_INFORMATION_FORMAT = "dwarf-with-dsym";
				ENABLE_NS_ASSERTIONS = NO;
				ENABLE_STRICT_OBJC_MSGSEND = YES;
				GCC_C_LANGUAGE_STANDARD = gnu11;
				GCC_NO_COMMON_BLOCKS = YES;
				GCC_WARN_64_TO_32_BIT_CONVERSION = YES;
				GCC_WARN_ABOUT_RETURN_TYPE = YES_ERROR;
				GCC_WARN_UNDECLARED_SELECTOR = YES;
				GCC_WARN_UNINITIALIZED_AUTOS = YES_AGGRESSIVE;
				GCC_WARN_UNUSED_FUNCTION = YES;
				GCC_WARN_UNUSED_VARIABLE = YES;
				IPHONEOS_DEPLOYMENT_TARGET = 11.0;
				MTL_ENABLE_DEBUG_INFO = NO;
				MTL_FAST_MATH = YES;
				SDKROOT = iphoneos;
				SWIFT_COMPILATION_MODE = wholemodule;
				SWIFT_OPTIMIZATION_LEVEL = "-O";
				VALIDATE_PRODUCT = YES;
			};
			name = Release;
		};
		B17A764124ABBEA5004FD21E /* Debug */ = {
			isa = XCBuildConfiguration;
			baseConfigurationReference = E6C46C56A69851C45D57D5B1 /* Pods-PlastovaProba.debug.xcconfig */;
			buildSettings = {
				ASSETCATALOG_COMPILER_APPICON_NAME = AppIcon;
				CODE_SIGN_STYLE = Automatic;
				DEVELOPMENT_TEAM = QE5W5FBF3K;
				INFOPLIST_FILE = PlastovaProba/Info.plist;
				IPHONEOS_DEPLOYMENT_TARGET = 11.0;
				LD_RUNPATH_SEARCH_PATHS = (
					"$(inherited)",
					"@executable_path/Frameworks",
				);
				PRODUCT_BUNDLE_IDENTIFIER = com.plast.ua.PlastovaProba;
				PRODUCT_NAME = "$(TARGET_NAME)";
				SWIFT_VERSION = 5.0;
				TARGETED_DEVICE_FAMILY = 1;
			};
			name = Debug;
		};
		B17A764224ABBEA5004FD21E /* Release */ = {
			isa = XCBuildConfiguration;
			baseConfigurationReference = ACD7DE352DAD1B9AC659D5FA /* Pods-PlastovaProba.release.xcconfig */;
			buildSettings = {
				ASSETCATALOG_COMPILER_APPICON_NAME = AppIcon;
				CODE_SIGN_STYLE = Automatic;
				DEVELOPMENT_TEAM = QE5W5FBF3K;
				INFOPLIST_FILE = PlastovaProba/Info.plist;
				IPHONEOS_DEPLOYMENT_TARGET = 11.0;
				LD_RUNPATH_SEARCH_PATHS = (
					"$(inherited)",
					"@executable_path/Frameworks",
				);
				PRODUCT_BUNDLE_IDENTIFIER = com.plast.ua.PlastovaProba;
				PRODUCT_NAME = "$(TARGET_NAME)";
				SWIFT_VERSION = 5.0;
				TARGETED_DEVICE_FAMILY = 1;
			};
			name = Release;
		};
/* End XCBuildConfiguration section */

/* Begin XCConfigurationList section */
		B17A762724ABBEA3004FD21E /* Build configuration list for PBXProject "PlastovaProba" */ = {
			isa = XCConfigurationList;
			buildConfigurations = (
				B17A763E24ABBEA5004FD21E /* Debug */,
				B17A763F24ABBEA5004FD21E /* Release */,
			);
			defaultConfigurationIsVisible = 0;
			defaultConfigurationName = Release;
		};
		B17A764024ABBEA5004FD21E /* Build configuration list for PBXNativeTarget "PlastovaProba" */ = {
			isa = XCConfigurationList;
			buildConfigurations = (
				B17A764124ABBEA5004FD21E /* Debug */,
				B17A764224ABBEA5004FD21E /* Release */,
			);
			defaultConfigurationIsVisible = 0;
			defaultConfigurationName = Release;
		};
/* End XCConfigurationList section */
	};
	rootObject = B17A762424ABBEA3004FD21E /* Project object */;
}
